
Microsoft Visual Studio Solution File, Format Version 12.00
# Visual Studio 15
VisualStudioVersion = 15.0.27703.2042
MinimumVisualStudioVersion = 10.0.40219.1
Project("{FAE04EC0-301F-11D3-BF4B-00C04F79EFBC}") = "Colosseum.Android", "Colosseum\Colosseum.Android\Colosseum.Android.csproj", "{0EE359A9-A798-4F2A-A050-091402248751}"
EndProject
Project("{FAE04EC0-301F-11D3-BF4B-00C04F79EFBC}") = "Colosseum.iOS", "Colosseum\Colosseum.iOS\Colosseum.iOS.csproj", "{D11C2A92-E136-4BFE-AC50-7722369CF570}"
EndProject
Project("{FAE04EC0-301F-11D3-BF4B-00C04F79EFBC}") = "Colosseum", "Colosseum\Colosseum\Colosseum.csproj", "{7F7F523D-4525-40DA-8288-CA75F7629721}"
EndProject
Global
	GlobalSection(SolutionConfigurationPlatforms) = preSolution
		Ad-Hoc|Any CPU = Ad-Hoc|Any CPU
		Ad-Hoc|iPhone = Ad-Hoc|iPhone
		Ad-Hoc|iPhoneSimulator = Ad-Hoc|iPhoneSimulator
		AppStore|Any CPU = AppStore|Any CPU
		AppStore|iPhone = AppStore|iPhone
		AppStore|iPhoneSimulator = AppStore|iPhoneSimulator
		Debug|Any CPU = Debug|Any CPU
		Debug|iPhone = Debug|iPhone
		Debug|iPhoneSimulator = Debug|iPhoneSimulator
		Release|Any CPU = Release|Any CPU
		Release|iPhone = Release|iPhone
		Release|iPhoneSimulator = Release|iPhoneSimulator
	EndGlobalSection
	GlobalSection(ProjectConfigurationPlatforms) = postSolution
		{0EE359A9-A798-4F2A-A050-091402248751}.Ad-Hoc|Any CPU.ActiveCfg = Release|Any CPU
		{0EE359A9-A798-4F2A-A050-091402248751}.Ad-Hoc|Any CPU.Build.0 = Release|Any CPU
		{0EE359A9-A798-4F2A-A050-091402248751}.Ad-Hoc|Any CPU.Deploy.0 = Release|Any CPU
		{0EE359A9-A798-4F2A-A050-091402248751}.Ad-Hoc|iPhone.ActiveCfg = Release|Any CPU
		{0EE359A9-A798-4F2A-A050-091402248751}.Ad-Hoc|iPhone.Build.0 = Release|Any CPU
		{0EE359A9-A798-4F2A-A050-091402248751}.Ad-Hoc|iPhone.Deploy.0 = Release|Any CPU
		{0EE359A9-A798-4F2A-A050-091402248751}.Ad-Hoc|iPhoneSimulator.ActiveCfg = Release|Any CPU
		{0EE359A9-A798-4F2A-A050-091402248751}.Ad-Hoc|iPhoneSimulator.Build.0 = Release|Any CPU
		{0EE359A9-A798-4F2A-A050-091402248751}.Ad-Hoc|iPhoneSimulator.Deploy.0 = Release|Any CPU
		{0EE359A9-A798-4F2A-A050-091402248751}.AppStore|Any CPU.ActiveCfg = Release|Any CPU
		{0EE359A9-A798-4F2A-A050-091402248751}.AppStore|Any CPU.Build.0 = Release|Any CPU
		{0EE359A9-A798-4F2A-A050-091402248751}.AppStore|Any CPU.Deploy.0 = Release|Any CPU
		{0EE359A9-A798-4F2A-A050-091402248751}.AppStore|iPhone.ActiveCfg = Release|Any CPU
		{0EE359A9-A798-4F2A-A050-091402248751}.AppStore|iPhone.Build.0 = Release|Any CPU
		{0EE359A9-A798-4F2A-A050-091402248751}.AppStore|iPhone.Deploy.0 = Release|Any CPU
		{0EE359A9-A798-4F2A-A050-091402248751}.AppStore|iPhoneSimulator.ActiveCfg = Release|Any CPU
		{0EE359A9-A798-4F2A-A050-091402248751}.AppStore|iPhoneSimulator.Build.0 = Release|Any CPU
		{0EE359A9-A798-4F2A-A050-091402248751}.AppStore|iPhoneSimulator.Deploy.0 = Release|Any CPU
		{0EE359A9-A798-4F2A-A050-091402248751}.Debug|Any CPU.ActiveCfg = Debug|Any CPU
		{0EE359A9-A798-4F2A-A050-091402248751}.Debug|Any CPU.Build.0 = Debug|Any CPU
		{0EE359A9-A798-4F2A-A050-091402248751}.Debug|Any CPU.Deploy.0 = Debug|Any CPU
		{0EE359A9-A798-4F2A-A050-091402248751}.Debug|iPhone.ActiveCfg = Debug|Any CPU
		{0EE359A9-A798-4F2A-A050-091402248751}.Debug|iPhone.Build.0 = Debug|Any CPU
		{0EE359A9-A798-4F2A-A050-091402248751}.Debug|iPhone.Deploy.0 = Debug|Any CPU
		{0EE359A9-A798-4F2A-A050-091402248751}.Debug|iPhoneSimulator.ActiveCfg = Debug|Any CPU
		{0EE359A9-A798-4F2A-A050-091402248751}.Debug|iPhoneSimulator.Build.0 = Debug|Any CPU
		{0EE359A9-A798-4F2A-A050-091402248751}.Debug|iPhoneSimulator.Deploy.0 = Debug|Any CPU
		{0EE359A9-A798-4F2A-A050-091402248751}.Release|Any CPU.ActiveCfg = Release|Any CPU
		{0EE359A9-A798-4F2A-A050-091402248751}.Release|Any CPU.Build.0 = Release|Any CPU
		{0EE359A9-A798-4F2A-A050-091402248751}.Release|Any CPU.Deploy.0 = Release|Any CPU
		{0EE359A9-A798-4F2A-A050-091402248751}.Release|iPhone.ActiveCfg = Release|Any CPU
		{0EE359A9-A798-4F2A-A050-091402248751}.Release|iPhone.Build.0 = Release|Any CPU
		{0EE359A9-A798-4F2A-A050-091402248751}.Release|iPhone.Deploy.0 = Release|Any CPU
		{0EE359A9-A798-4F2A-A050-091402248751}.Release|iPhoneSimulator.ActiveCfg = Release|Any CPU
		{0EE359A9-A798-4F2A-A050-091402248751}.Release|iPhoneSimulator.Build.0 = Release|Any CPU
		{0EE359A9-A798-4F2A-A050-091402248751}.Release|iPhoneSimulator.Deploy.0 = Release|Any CPU
		{D11C2A92-E136-4BFE-AC50-7722369CF570}.Ad-Hoc|Any CPU.ActiveCfg = Ad-Hoc|iPhone
		{D11C2A92-E136-4BFE-AC50-7722369CF570}.Ad-Hoc|Any CPU.Build.0 = Ad-Hoc|iPhone
		{D11C2A92-E136-4BFE-AC50-7722369CF570}.Ad-Hoc|Any CPU.Deploy.0 = Ad-Hoc|iPhone
		{D11C2A92-E136-4BFE-AC50-7722369CF570}.Ad-Hoc|iPhone.ActiveCfg = Ad-Hoc|iPhone
		{D11C2A92-E136-4BFE-AC50-7722369CF570}.Ad-Hoc|iPhone.Build.0 = Ad-Hoc|iPhone
		{D11C2A92-E136-4BFE-AC50-7722369CF570}.Ad-Hoc|iPhone.Deploy.0 = Ad-Hoc|iPhone
		{D11C2A92-E136-4BFE-AC50-7722369CF570}.Ad-Hoc|iPhoneSimulator.ActiveCfg = Ad-Hoc|iPhoneSimulator
		{D11C2A92-E136-4BFE-AC50-7722369CF570}.Ad-Hoc|iPhoneSimulator.Build.0 = Ad-Hoc|iPhoneSimulator
		{D11C2A92-E136-4BFE-AC50-7722369CF570}.Ad-Hoc|iPhoneSimulator.Deploy.0 = Ad-Hoc|iPhoneSimulator
		{D11C2A92-E136-4BFE-AC50-7722369CF570}.AppStore|Any CPU.ActiveCfg = AppStore|iPhone
		{D11C2A92-E136-4BFE-AC50-7722369CF570}.AppStore|Any CPU.Build.0 = AppStore|iPhone
		{D11C2A92-E136-4BFE-AC50-7722369CF570}.AppStore|Any CPU.Deploy.0 = AppStore|iPhone
		{D11C2A92-E136-4BFE-AC50-7722369CF570}.AppStore|iPhone.ActiveCfg = AppStore|iPhone
		{D11C2A92-E136-4BFE-AC50-7722369CF570}.AppStore|iPhone.Build.0 = AppStore|iPhone
		{D11C2A92-E136-4BFE-AC50-7722369CF570}.AppStore|iPhone.Deploy.0 = AppStore|iPhone
		{D11C2A92-E136-4BFE-AC50-7722369CF570}.AppStore|iPhoneSimulator.ActiveCfg = AppStore|iPhoneSimulator
		{D11C2A92-E136-4BFE-AC50-7722369CF570}.AppStore|iPhoneSimulator.Build.0 = AppStore|iPhoneSimulator
		{D11C2A92-E136-4BFE-AC50-7722369CF570}.AppStore|iPhoneSimulator.Deploy.0 = AppStore|iPhoneSimulator
		{D11C2A92-E136-4BFE-AC50-7722369CF570}.Debug|Any CPU.ActiveCfg = Debug|iPhoneSimulator
		{D11C2A92-E136-4BFE-AC50-7722369CF570}.Debug|Any CPU.Build.0 = Debug|iPhoneSimulator
		{D11C2A92-E136-4BFE-AC50-7722369CF570}.Debug|Any CPU.Deploy.0 = Debug|iPhoneSimulator
		{D11C2A92-E136-4BFE-AC50-7722369CF570}.Debug|iPhone.ActiveCfg = Debug|iPhone
		{D11C2A92-E136-4BFE-AC50-7722369CF570}.Debug|iPhone.Build.0 = Debug|iPhone
		{D11C2A92-E136-4BFE-AC50-7722369CF570}.Debug|iPhone.Deploy.0 = Debug|iPhone
		{D11C2A92-E136-4BFE-AC50-7722369CF570}.Debug|iPhoneSimulator.ActiveCfg = Debug|iPhoneSimulator
		{D11C2A92-E136-4BFE-AC50-7722369CF570}.Debug|iPhoneSimulator.Build.0 = Debug|iPhoneSimulator
		{D11C2A92-E136-4BFE-AC50-7722369CF570}.Debug|iPhoneSimulator.Deploy.0 = Debug|iPhoneSimulator
		{D11C2A92-E136-4BFE-AC50-7722369CF570}.Release|Any CPU.ActiveCfg = Release|iPhone
		{D11C2A92-E136-4BFE-AC50-7722369CF570}.Release|Any CPU.Build.0 = Release|iPhone
		{D11C2A92-E136-4BFE-AC50-7722369CF570}.Release|Any CPU.Deploy.0 = Release|iPhone
		{D11C2A92-E136-4BFE-AC50-7722369CF570}.Release|iPhone.ActiveCfg = Release|iPhone
		{D11C2A92-E136-4BFE-AC50-7722369CF570}.Release|iPhone.Build.0 = Release|iPhone
		{D11C2A92-E136-4BFE-AC50-7722369CF570}.Release|iPhone.Deploy.0 = Release|iPhone
		{D11C2A92-E136-4BFE-AC50-7722369CF570}.Release|iPhoneSimulator.ActiveCfg = Release|iPhoneSimulator
		{D11C2A92-E136-4BFE-AC50-7722369CF570}.Release|iPhoneSimulator.Build.0 = Release|iPhoneSimulator
		{D11C2A92-E136-4BFE-AC50-7722369CF570}.Release|iPhoneSimulator.Deploy.0 = Release|iPhoneSimulator
		{7F7F523D-4525-40DA-8288-CA75F7629721}.Ad-Hoc|Any CPU.ActiveCfg = Debug|Any CPU
		{7F7F523D-4525-40DA-8288-CA75F7629721}.Ad-Hoc|Any CPU.Build.0 = Debug|Any CPU
		{7F7F523D-4525-40DA-8288-CA75F7629721}.Ad-Hoc|Any CPU.Deploy.0 = Debug|Any CPU
		{7F7F523D-4525-40DA-8288-CA75F7629721}.Ad-Hoc|iPhone.ActiveCfg = Debug|Any CPU
		{7F7F523D-4525-40DA-8288-CA75F7629721}.Ad-Hoc|iPhone.Build.0 = Debug|Any CPU
		{7F7F523D-4525-40DA-8288-CA75F7629721}.Ad-Hoc|iPhone.Deploy.0 = Debug|Any CPU
		{7F7F523D-4525-40DA-8288-CA75F7629721}.Ad-Hoc|iPhoneSimulator.ActiveCfg = Debug|Any CPU
		{7F7F523D-4525-40DA-8288-CA75F7629721}.Ad-Hoc|iPhoneSimulator.Build.0 = Debug|Any CPU
		{7F7F523D-4525-40DA-8288-CA75F7629721}.Ad-Hoc|iPhoneSimulator.Deploy.0 = Debug|Any CPU
		{7F7F523D-4525-40DA-8288-CA75F7629721}.AppStore|Any CPU.ActiveCfg = Debug|Any CPU
		{7F7F523D-4525-40DA-8288-CA75F7629721}.AppStore|Any CPU.Build.0 = Debug|Any CPU
		{7F7F523D-4525-40DA-8288-CA75F7629721}.AppStore|Any CPU.Deploy.0 = Debug|Any CPU
		{7F7F523D-4525-40DA-8288-CA75F7629721}.AppStore|iPhone.ActiveCfg = Debug|Any CPU
		{7F7F523D-4525-40DA-8288-CA75F7629721}.AppStore|iPhone.Build.0 = Debug|Any CPU
		{7F7F523D-4525-40DA-8288-CA75F7629721}.AppStore|iPhone.Deploy.0 = Debug|Any CPU
		{7F7F523D-4525-40DA-8288-CA75F7629721}.AppStore|iPhoneSimulator.ActiveCfg = Debug|Any CPU
		{7F7F523D-4525-40DA-8288-CA75F7629721}.AppStore|iPhoneSimulator.Build.0 = Debug|Any CPU
		{7F7F523D-4525-40DA-8288-CA75F7629721}.AppStore|iPhoneSimulator.Deploy.0 = Debug|Any CPU
		{7F7F523D-4525-40DA-8288-CA75F7629721}.Debug|Any CPU.ActiveCfg = Debug|Any CPU
		{7F7F523D-4525-40DA-8288-CA75F7629721}.Debug|Any CPU.Build.0 = Debug|Any CPU
		{7F7F523D-4525-40DA-8288-CA75F7629721}.Debug|Any CPU.Deploy.0 = Debug|Any CPU
		{7F7F523D-4525-40DA-8288-CA75F7629721}.Debug|iPhone.ActiveCfg = Debug|Any CPU
		{7F7F523D-4525-40DA-8288-CA75F7629721}.Debug|iPhone.Build.0 = Debug|Any CPU
		{7F7F523D-4525-40DA-8288-CA75F7629721}.Debug|iPhone.Deploy.0 = Debug|Any CPU
		{7F7F523D-4525-40DA-8288-CA75F7629721}.Debug|iPhoneSimulator.ActiveCfg = Debug|Any CPU
		{7F7F523D-4525-40DA-8288-CA75F7629721}.Debug|iPhoneSimulator.Build.0 = Debug|Any CPU
		{7F7F523D-4525-40DA-8288-CA75F7629721}.Debug|iPhoneSimulator.Deploy.0 = Debug|Any CPU
		{7F7F523D-4525-40DA-8288-CA75F7629721}.Release|Any CPU.ActiveCfg = Release|Any CPU
		{7F7F523D-4525-40DA-8288-CA75F7629721}.Release|Any CPU.Build.0 = Release|Any CPU
		{7F7F523D-4525-40DA-8288-CA75F7629721}.Release|Any CPU.Deploy.0 = Release|Any CPU
		{7F7F523D-4525-40DA-8288-CA75F7629721}.Release|iPhone.ActiveCfg = Release|Any CPU
		{7F7F523D-4525-40DA-8288-CA75F7629721}.Release|iPhone.Build.0 = Release|Any CPU
		{7F7F523D-4525-40DA-8288-CA75F7629721}.Release|iPhone.Deploy.0 = Release|Any CPU
		{7F7F523D-4525-40DA-8288-CA75F7629721}.Release|iPhoneSimulator.ActiveCfg = Release|Any CPU
		{7F7F523D-4525-40DA-8288-CA75F7629721}.Release|iPhoneSimulator.Build.0 = Release|Any CPU
		{7F7F523D-4525-40DA-8288-CA75F7629721}.Release|iPhoneSimulator.Deploy.0 = Release|Any CPU
	EndGlobalSection
	GlobalSection(SolutionProperties) = preSolution
		HideSolutionNode = FALSE
	EndGlobalSection
	GlobalSection(ExtensibilityGlobals) = postSolution
		SolutionGuid = {C9C369D1-C863-4A29-8C83-AC84C878905F}
	EndGlobalSection
EndGlobal
